
Microsoft Visual Studio Solution File, Format Version 12.00
# Visual Studio Version 17
VisualStudioVersion = 17.0.31815.197
MinimumVisualStudioVersion = 10.0.40219.1
Project("{2150E333-8FDC-42A3-9474-1A3956D46DE8}") = "src", "src", "{106AE906-5075-410A-B941-912F811848EE}"
EndProject
Project("{2150E333-8FDC-42A3-9474-1A3956D46DE8}") = "tests", "tests", "{B31B4797-1D9F-4288-808C-BE9A31A98C7D}"
EndProject
Project("{9A19103F-16F7-4668-BE54-9A1E7A4F7556}") = "Langueedu.Core", "src\Core\Langueedu.Core\Langueedu.Core.csproj", "{4548EB20-1D1B-477B-AF6E-DD55653A6583}"
EndProject
Project("{9A19103F-16F7-4668-BE54-9A1E7A4F7556}") = "Langueedu.Infrastructure", "src\Core\Langueedu.Infrastructure\Langueedu.Infrastructure.csproj", "{220361D6-9C76-4E3F-BD34-3C7B50E2CA4D}"
EndProject
Project("{2150E333-8FDC-42A3-9474-1A3956D46DE8}") = "Solution Items", "Solution Items", "{250F283E-FE2F-4BBD-9E63-A2265B84E23F}"
	ProjectSection(SolutionItems) = preProject
		.editorconfig = .editorconfig
	EndProjectSection
EndProject
Project("{FAE04EC0-301F-11D3-BF4B-00C04F79EFBC}") = "Langueedu.FunctionalTests", "tests\Langueedu.FunctionalTests\Langueedu.FunctionalTests.csproj", "{7D84EFEE-A7D9-44AD-A0A3-38EC7882D94C}"
EndProject
Project("{9A19103F-16F7-4668-BE54-9A1E7A4F7556}") = "Langueedu.IntegrationTests", "tests\Langueedu.IntegrationTests\Langueedu.IntegrationTests.csproj", "{0776DC14-9000-47A4-A3F4-ECBCF8CEBC17}"
	ProjectSection(ProjectDependencies) = postProject
		{220361D6-9C76-4E3F-BD34-3C7B50E2CA4D} = {220361D6-9C76-4E3F-BD34-3C7B50E2CA4D}
	EndProjectSection
EndProject
Project("{9A19103F-16F7-4668-BE54-9A1E7A4F7556}") = "Langueedu.SharedKernel", "src\Core\Langueedu.SharedKernel\Langueedu.SharedKernel.csproj", "{744AD1DC-E83E-4ACE-BE57-395395D6E357}"
EndProject
Project("{9A19103F-16F7-4668-BE54-9A1E7A4F7556}") = "Langueedu.UnitTests", "tests\Langueedu.UnitTests\Langueedu.UnitTests.csproj", "{1DC7F5A0-DDF7-4975-84EB-05F4FC1B6AB5}"
EndProject
Project("{2150E333-8FDC-42A3-9474-1A3956D46DE8}") = "Services", "Services", "{59DB0AEF-8A14-4288-921B-162A886D9471}"
EndProject
Project("{2150E333-8FDC-42A3-9474-1A3956D46DE8}") = "Core", "Core", "{91D55407-F3C5-4F9A-BFB3-040F4D7CAB80}"
EndProject
Project("{2150E333-8FDC-42A3-9474-1A3956D46DE8}") = "Web", "Web", "{B08079E7-23D1-4463-8476-222B4673712F}"
EndProject
Project("{FAE04EC0-301F-11D3-BF4B-00C04F79EFBC}") = "Langueedu.Web.Server", "src\Web\Langueedu.Web\Server\Langueedu.Web.Server.csproj", "{33E996A5-C05E-4EB7-A8ED-B02EB2E2D2CE}"
EndProject
Project("{FAE04EC0-301F-11D3-BF4B-00C04F79EFBC}") = "Langueedu.Web.Shared", "src\Web\Langueedu.Web\Shared\Langueedu.Web.Shared.csproj", "{AAAC3C04-3C9A-47BA-93DD-164BDF1E0822}"
EndProject
Project("{FAE04EC0-301F-11D3-BF4B-00C04F79EFBC}") = "Langueedu.Web.Pages", "src\Web\Langueedu.Web\Langueedu.Web.Pages\Langueedu.Web.Pages.csproj", "{8E4F2652-D208-404B-B1A3-D2320B4EA203}"
EndProject
Project("{FAE04EC0-301F-11D3-BF4B-00C04F79EFBC}") = "Langueedu.Web.Components", "src\Web\Langueedu.Web\Langueedu.Web.Components\Langueedu.Web.Components.csproj", "{0773F588-9267-4EC8-AF84-F2F0FAC7882A}"
EndProject
Project("{2150E333-8FDC-42A3-9474-1A3956D46DE8}") = "Shared", "Shared", "{F2D75E04-2869-4C1D-AAC7-F17988BA83A7}"
EndProject
Project("{FAE04EC0-301F-11D3-BF4B-00C04F79EFBC}") = "Langueedu.Sdk", "src\Shared\Langueedu.Sdk\Langueedu.Sdk.csproj", "{CB0A3CCC-8447-42FE-88B6-E0D0C9B573BD}"
EndProject
Project("{FAE04EC0-301F-11D3-BF4B-00C04F79EFBC}") = "Langueedu.Web.Client", "src\Web\Langueedu.Web\Client\Langueedu.Web.Client.csproj", "{CD3ECE47-B1C8-41CB-A603-1979F3F1B21B}"
EndProject
Project("{FAE04EC0-301F-11D3-BF4B-00C04F79EFBC}") = "Langueedu.API", "src\Services\Langueedu.API\Langueedu.API.csproj", "{8F7C4F85-F449-4E10-96DE-29990B1EE994}"
EndProject
Project("{2150E333-8FDC-42A3-9474-1A3956D46DE8}") = "Docker", "Docker", "{BFC64626-3BE8-4E0C-BE58-97E716FC4BC2}"
	ProjectSection(SolutionItems) = preProject
		docker-compose.override.yml = docker-compose.override.yml
		docker-compose.yml = docker-compose.yml
	EndProjectSection
EndProject
Global
	GlobalSection(SolutionConfigurationPlatforms) = preSolution
		Debug|Any CPU = Debug|Any CPU
		Debug|x64 = Debug|x64
		Debug|x86 = Debug|x86
		Release|Any CPU = Release|Any CPU
		Release|x64 = Release|x64
		Release|x86 = Release|x86
	EndGlobalSection
	GlobalSection(ProjectConfigurationPlatforms) = postSolution
		{4548EB20-1D1B-477B-AF6E-DD55653A6583}.Debug|Any CPU.ActiveCfg = Debug|Any CPU
		{4548EB20-1D1B-477B-AF6E-DD55653A6583}.Debug|Any CPU.Build.0 = Debug|Any CPU
		{4548EB20-1D1B-477B-AF6E-DD55653A6583}.Debug|x64.ActiveCfg = Debug|Any CPU
		{4548EB20-1D1B-477B-AF6E-DD55653A6583}.Debug|x64.Build.0 = Debug|Any CPU
		{4548EB20-1D1B-477B-AF6E-DD55653A6583}.Debug|x86.ActiveCfg = Debug|Any CPU
		{4548EB20-1D1B-477B-AF6E-DD55653A6583}.Debug|x86.Build.0 = Debug|Any CPU
		{4548EB20-1D1B-477B-AF6E-DD55653A6583}.Release|Any CPU.ActiveCfg = Release|Any CPU
		{4548EB20-1D1B-477B-AF6E-DD55653A6583}.Release|Any CPU.Build.0 = Release|Any CPU
		{4548EB20-1D1B-477B-AF6E-DD55653A6583}.Release|x64.ActiveCfg = Release|Any CPU
		{4548EB20-1D1B-477B-AF6E-DD55653A6583}.Release|x64.Build.0 = Release|Any CPU
		{4548EB20-1D1B-477B-AF6E-DD55653A6583}.Release|x86.ActiveCfg = Release|Any CPU
		{4548EB20-1D1B-477B-AF6E-DD55653A6583}.Release|x86.Build.0 = Release|Any CPU
		{220361D6-9C76-4E3F-BD34-3C7B50E2CA4D}.Debug|Any CPU.ActiveCfg = Debug|Any CPU
		{220361D6-9C76-4E3F-BD34-3C7B50E2CA4D}.Debug|Any CPU.Build.0 = Debug|Any CPU
		{220361D6-9C76-4E3F-BD34-3C7B50E2CA4D}.Debug|x64.ActiveCfg = Debug|Any CPU
		{220361D6-9C76-4E3F-BD34-3C7B50E2CA4D}.Debug|x64.Build.0 = Debug|Any CPU
		{220361D6-9C76-4E3F-BD34-3C7B50E2CA4D}.Debug|x86.ActiveCfg = Debug|Any CPU
		{220361D6-9C76-4E3F-BD34-3C7B50E2CA4D}.Debug|x86.Build.0 = Debug|Any CPU
		{220361D6-9C76-4E3F-BD34-3C7B50E2CA4D}.Release|Any CPU.ActiveCfg = Release|Any CPU
		{220361D6-9C76-4E3F-BD34-3C7B50E2CA4D}.Release|Any CPU.Build.0 = Release|Any CPU
		{220361D6-9C76-4E3F-BD34-3C7B50E2CA4D}.Release|x64.ActiveCfg = Release|Any CPU
		{220361D6-9C76-4E3F-BD34-3C7B50E2CA4D}.Release|x64.Build.0 = Release|Any CPU
		{220361D6-9C76-4E3F-BD34-3C7B50E2CA4D}.Release|x86.ActiveCfg = Release|Any CPU
		{220361D6-9C76-4E3F-BD34-3C7B50E2CA4D}.Release|x86.Build.0 = Release|Any CPU
		{7D84EFEE-A7D9-44AD-A0A3-38EC7882D94C}.Debug|Any CPU.ActiveCfg = Debug|Any CPU
		{7D84EFEE-A7D9-44AD-A0A3-38EC7882D94C}.Debug|Any CPU.Build.0 = Debug|Any CPU
		{7D84EFEE-A7D9-44AD-A0A3-38EC7882D94C}.Debug|x64.ActiveCfg = Debug|Any CPU
		{7D84EFEE-A7D9-44AD-A0A3-38EC7882D94C}.Debug|x64.Build.0 = Debug|Any CPU
		{7D84EFEE-A7D9-44AD-A0A3-38EC7882D94C}.Debug|x86.ActiveCfg = Debug|Any CPU
		{7D84EFEE-A7D9-44AD-A0A3-38EC7882D94C}.Debug|x86.Build.0 = Debug|Any CPU
		{7D84EFEE-A7D9-44AD-A0A3-38EC7882D94C}.Release|Any CPU.ActiveCfg = Release|Any CPU
		{7D84EFEE-A7D9-44AD-A0A3-38EC7882D94C}.Release|Any CPU.Build.0 = Release|Any CPU
		{7D84EFEE-A7D9-44AD-A0A3-38EC7882D94C}.Release|x64.ActiveCfg = Release|Any CPU
		{7D84EFEE-A7D9-44AD-A0A3-38EC7882D94C}.Release|x64.Build.0 = Release|Any CPU
		{7D84EFEE-A7D9-44AD-A0A3-38EC7882D94C}.Release|x86.ActiveCfg = Release|Any CPU
		{7D84EFEE-A7D9-44AD-A0A3-38EC7882D94C}.Release|x86.Build.0 = Release|Any CPU
		{0776DC14-9000-47A4-A3F4-ECBCF8CEBC17}.Debug|Any CPU.ActiveCfg = Debug|Any CPU
		{0776DC14-9000-47A4-A3F4-ECBCF8CEBC17}.Debug|Any CPU.Build.0 = Debug|Any CPU
		{0776DC14-9000-47A4-A3F4-ECBCF8CEBC17}.Debug|x64.ActiveCfg = Debug|Any CPU
		{0776DC14-9000-47A4-A3F4-ECBCF8CEBC17}.Debug|x64.Build.0 = Debug|Any CPU
		{0776DC14-9000-47A4-A3F4-ECBCF8CEBC17}.Debug|x86.ActiveCfg = Debug|Any CPU
		{0776DC14-9000-47A4-A3F4-ECBCF8CEBC17}.Debug|x86.Build.0 = Debug|Any CPU
		{0776DC14-9000-47A4-A3F4-ECBCF8CEBC17}.Release|Any CPU.ActiveCfg = Release|Any CPU
		{0776DC14-9000-47A4-A3F4-ECBCF8CEBC17}.Release|Any CPU.Build.0 = Release|Any CPU
		{0776DC14-9000-47A4-A3F4-ECBCF8CEBC17}.Release|x64.ActiveCfg = Release|Any CPU
		{0776DC14-9000-47A4-A3F4-ECBCF8CEBC17}.Release|x64.Build.0 = Release|Any CPU
		{0776DC14-9000-47A4-A3F4-ECBCF8CEBC17}.Release|x86.ActiveCfg = Release|Any CPU
		{0776DC14-9000-47A4-A3F4-ECBCF8CEBC17}.Release|x86.Build.0 = Release|Any CPU
		{744AD1DC-E83E-4ACE-BE57-395395D6E357}.Debug|Any CPU.ActiveCfg = Debug|Any CPU
		{744AD1DC-E83E-4ACE-BE57-395395D6E357}.Debug|Any CPU.Build.0 = Debug|Any CPU
		{744AD1DC-E83E-4ACE-BE57-395395D6E357}.Debug|x64.ActiveCfg = Debug|Any CPU
		{744AD1DC-E83E-4ACE-BE57-395395D6E357}.Debug|x64.Build.0 = Debug|Any CPU
		{744AD1DC-E83E-4ACE-BE57-395395D6E357}.Debug|x86.ActiveCfg = Debug|Any CPU
		{744AD1DC-E83E-4ACE-BE57-395395D6E357}.Debug|x86.Build.0 = Debug|Any CPU
		{744AD1DC-E83E-4ACE-BE57-395395D6E357}.Release|Any CPU.ActiveCfg = Release|Any CPU
		{744AD1DC-E83E-4ACE-BE57-395395D6E357}.Release|Any CPU.Build.0 = Release|Any CPU
		{744AD1DC-E83E-4ACE-BE57-395395D6E357}.Release|x64.ActiveCfg = Release|Any CPU
		{744AD1DC-E83E-4ACE-BE57-395395D6E357}.Release|x64.Build.0 = Release|Any CPU
		{744AD1DC-E83E-4ACE-BE57-395395D6E357}.Release|x86.ActiveCfg = Release|Any CPU
		{744AD1DC-E83E-4ACE-BE57-395395D6E357}.Release|x86.Build.0 = Release|Any CPU
		{1DC7F5A0-DDF7-4975-84EB-05F4FC1B6AB5}.Debug|Any CPU.ActiveCfg = Debug|Any CPU
		{1DC7F5A0-DDF7-4975-84EB-05F4FC1B6AB5}.Debug|Any CPU.Build.0 = Debug|Any CPU
		{1DC7F5A0-DDF7-4975-84EB-05F4FC1B6AB5}.Debug|x64.ActiveCfg = Debug|Any CPU
		{1DC7F5A0-DDF7-4975-84EB-05F4FC1B6AB5}.Debug|x64.Build.0 = Debug|Any CPU
		{1DC7F5A0-DDF7-4975-84EB-05F4FC1B6AB5}.Debug|x86.ActiveCfg = Debug|Any CPU
		{1DC7F5A0-DDF7-4975-84EB-05F4FC1B6AB5}.Debug|x86.Build.0 = Debug|Any CPU
		{1DC7F5A0-DDF7-4975-84EB-05F4FC1B6AB5}.Release|Any CPU.ActiveCfg = Release|Any CPU
		{1DC7F5A0-DDF7-4975-84EB-05F4FC1B6AB5}.Release|Any CPU.Build.0 = Release|Any CPU
		{1DC7F5A0-DDF7-4975-84EB-05F4FC1B6AB5}.Release|x64.ActiveCfg = Release|Any CPU
		{1DC7F5A0-DDF7-4975-84EB-05F4FC1B6AB5}.Release|x64.Build.0 = Release|Any CPU
		{1DC7F5A0-DDF7-4975-84EB-05F4FC1B6AB5}.Release|x86.ActiveCfg = Release|Any CPU
		{1DC7F5A0-DDF7-4975-84EB-05F4FC1B6AB5}.Release|x86.Build.0 = Release|Any CPU
		{33E996A5-C05E-4EB7-A8ED-B02EB2E2D2CE}.Debug|Any CPU.ActiveCfg = Debug|Any CPU
		{33E996A5-C05E-4EB7-A8ED-B02EB2E2D2CE}.Debug|Any CPU.Build.0 = Debug|Any CPU
		{33E996A5-C05E-4EB7-A8ED-B02EB2E2D2CE}.Debug|x64.ActiveCfg = Debug|Any CPU
		{33E996A5-C05E-4EB7-A8ED-B02EB2E2D2CE}.Debug|x64.Build.0 = Debug|Any CPU
		{33E996A5-C05E-4EB7-A8ED-B02EB2E2D2CE}.Debug|x86.ActiveCfg = Debug|Any CPU
		{33E996A5-C05E-4EB7-A8ED-B02EB2E2D2CE}.Debug|x86.Build.0 = Debug|Any CPU
		{33E996A5-C05E-4EB7-A8ED-B02EB2E2D2CE}.Release|Any CPU.ActiveCfg = Release|Any CPU
		{33E996A5-C05E-4EB7-A8ED-B02EB2E2D2CE}.Release|Any CPU.Build.0 = Release|Any CPU
		{33E996A5-C05E-4EB7-A8ED-B02EB2E2D2CE}.Release|x64.ActiveCfg = Release|Any CPU
		{33E996A5-C05E-4EB7-A8ED-B02EB2E2D2CE}.Release|x64.Build.0 = Release|Any CPU
		{33E996A5-C05E-4EB7-A8ED-B02EB2E2D2CE}.Release|x86.ActiveCfg = Release|Any CPU
		{33E996A5-C05E-4EB7-A8ED-B02EB2E2D2CE}.Release|x86.Build.0 = Release|Any CPU
		{AAAC3C04-3C9A-47BA-93DD-164BDF1E0822}.Debug|Any CPU.ActiveCfg = Debug|Any CPU
		{AAAC3C04-3C9A-47BA-93DD-164BDF1E0822}.Debug|Any CPU.Build.0 = Debug|Any CPU
		{AAAC3C04-3C9A-47BA-93DD-164BDF1E0822}.Debug|x64.ActiveCfg = Debug|Any CPU
		{AAAC3C04-3C9A-47BA-93DD-164BDF1E0822}.Debug|x64.Build.0 = Debug|Any CPU
		{AAAC3C04-3C9A-47BA-93DD-164BDF1E0822}.Debug|x86.ActiveCfg = Debug|Any CPU
		{AAAC3C04-3C9A-47BA-93DD-164BDF1E0822}.Debug|x86.Build.0 = Debug|Any CPU
		{AAAC3C04-3C9A-47BA-93DD-164BDF1E0822}.Release|Any CPU.ActiveCfg = Release|Any CPU
		{AAAC3C04-3C9A-47BA-93DD-164BDF1E0822}.Release|Any CPU.Build.0 = Release|Any CPU
		{AAAC3C04-3C9A-47BA-93DD-164BDF1E0822}.Release|x64.ActiveCfg = Release|Any CPU
		{AAAC3C04-3C9A-47BA-93DD-164BDF1E0822}.Release|x64.Build.0 = Release|Any CPU
		{AAAC3C04-3C9A-47BA-93DD-164BDF1E0822}.Release|x86.ActiveCfg = Release|Any CPU
		{AAAC3C04-3C9A-47BA-93DD-164BDF1E0822}.Release|x86.Build.0 = Release|Any CPU
		{8E4F2652-D208-404B-B1A3-D2320B4EA203}.Debug|Any CPU.ActiveCfg = Debug|Any CPU
		{8E4F2652-D208-404B-B1A3-D2320B4EA203}.Debug|Any CPU.Build.0 = Debug|Any CPU
		{8E4F2652-D208-404B-B1A3-D2320B4EA203}.Debug|x64.ActiveCfg = Debug|Any CPU
		{8E4F2652-D208-404B-B1A3-D2320B4EA203}.Debug|x64.Build.0 = Debug|Any CPU
		{8E4F2652-D208-404B-B1A3-D2320B4EA203}.Debug|x86.ActiveCfg = Debug|Any CPU
		{8E4F2652-D208-404B-B1A3-D2320B4EA203}.Debug|x86.Build.0 = Debug|Any CPU
		{8E4F2652-D208-404B-B1A3-D2320B4EA203}.Release|Any CPU.ActiveCfg = Release|Any CPU
		{8E4F2652-D208-404B-B1A3-D2320B4EA203}.Release|Any CPU.Build.0 = Release|Any CPU
		{8E4F2652-D208-404B-B1A3-D2320B4EA203}.Release|x64.ActiveCfg = Release|Any CPU
		{8E4F2652-D208-404B-B1A3-D2320B4EA203}.Release|x64.Build.0 = Release|Any CPU
		{8E4F2652-D208-404B-B1A3-D2320B4EA203}.Release|x86.ActiveCfg = Release|Any CPU
		{8E4F2652-D208-404B-B1A3-D2320B4EA203}.Release|x86.Build.0 = Release|Any CPU
		{0773F588-9267-4EC8-AF84-F2F0FAC7882A}.Debug|Any CPU.ActiveCfg = Debug|Any CPU
		{0773F588-9267-4EC8-AF84-F2F0FAC7882A}.Debug|Any CPU.Build.0 = Debug|Any CPU
		{0773F588-9267-4EC8-AF84-F2F0FAC7882A}.Debug|x64.ActiveCfg = Debug|Any CPU
		{0773F588-9267-4EC8-AF84-F2F0FAC7882A}.Debug|x64.Build.0 = Debug|Any CPU
		{0773F588-9267-4EC8-AF84-F2F0FAC7882A}.Debug|x86.ActiveCfg = Debug|Any CPU
		{0773F588-9267-4EC8-AF84-F2F0FAC7882A}.Debug|x86.Build.0 = Debug|Any CPU
		{0773F588-9267-4EC8-AF84-F2F0FAC7882A}.Release|Any CPU.ActiveCfg = Release|Any CPU
		{0773F588-9267-4EC8-AF84-F2F0FAC7882A}.Release|Any CPU.Build.0 = Release|Any CPU
		{0773F588-9267-4EC8-AF84-F2F0FAC7882A}.Release|x64.ActiveCfg = Release|Any CPU
		{0773F588-9267-4EC8-AF84-F2F0FAC7882A}.Release|x64.Build.0 = Release|Any CPU
		{0773F588-9267-4EC8-AF84-F2F0FAC7882A}.Release|x86.ActiveCfg = Release|Any CPU
		{0773F588-9267-4EC8-AF84-F2F0FAC7882A}.Release|x86.Build.0 = Release|Any CPU
		{CB0A3CCC-8447-42FE-88B6-E0D0C9B573BD}.Debug|Any CPU.ActiveCfg = Debug|Any CPU
		{CB0A3CCC-8447-42FE-88B6-E0D0C9B573BD}.Debug|Any CPU.Build.0 = Debug|Any CPU
		{CB0A3CCC-8447-42FE-88B6-E0D0C9B573BD}.Debug|x64.ActiveCfg = Debug|Any CPU
		{CB0A3CCC-8447-42FE-88B6-E0D0C9B573BD}.Debug|x64.Build.0 = Debug|Any CPU
		{CB0A3CCC-8447-42FE-88B6-E0D0C9B573BD}.Debug|x86.ActiveCfg = Debug|Any CPU
		{CB0A3CCC-8447-42FE-88B6-E0D0C9B573BD}.Debug|x86.Build.0 = Debug|Any CPU
		{CB0A3CCC-8447-42FE-88B6-E0D0C9B573BD}.Release|Any CPU.ActiveCfg = Release|Any CPU
		{CB0A3CCC-8447-42FE-88B6-E0D0C9B573BD}.Release|Any CPU.Build.0 = Release|Any CPU
		{CB0A3CCC-8447-42FE-88B6-E0D0C9B573BD}.Release|x64.ActiveCfg = Release|Any CPU
		{CB0A3CCC-8447-42FE-88B6-E0D0C9B573BD}.Release|x64.Build.0 = Release|Any CPU
		{CB0A3CCC-8447-42FE-88B6-E0D0C9B573BD}.Release|x86.ActiveCfg = Release|Any CPU
		{CB0A3CCC-8447-42FE-88B6-E0D0C9B573BD}.Release|x86.Build.0 = Release|Any CPU
		{CD3ECE47-B1C8-41CB-A603-1979F3F1B21B}.Debug|Any CPU.ActiveCfg = Debug|Any CPU
		{CD3ECE47-B1C8-41CB-A603-1979F3F1B21B}.Debug|Any CPU.Build.0 = Debug|Any CPU
		{CD3ECE47-B1C8-41CB-A603-1979F3F1B21B}.Debug|x64.ActiveCfg = Debug|Any CPU
		{CD3ECE47-B1C8-41CB-A603-1979F3F1B21B}.Debug|x64.Build.0 = Debug|Any CPU
		{CD3ECE47-B1C8-41CB-A603-1979F3F1B21B}.Debug|x86.ActiveCfg = Debug|Any CPU
		{CD3ECE47-B1C8-41CB-A603-1979F3F1B21B}.Debug|x86.Build.0 = Debug|Any CPU
		{CD3ECE47-B1C8-41CB-A603-1979F3F1B21B}.Release|Any CPU.ActiveCfg = Release|Any CPU
		{CD3ECE47-B1C8-41CB-A603-1979F3F1B21B}.Release|Any CPU.Build.0 = Release|Any CPU
		{CD3ECE47-B1C8-41CB-A603-1979F3F1B21B}.Release|x64.ActiveCfg = Release|Any CPU
		{CD3ECE47-B1C8-41CB-A603-1979F3F1B21B}.Release|x64.Build.0 = Release|Any CPU
		{CD3ECE47-B1C8-41CB-A603-1979F3F1B21B}.Release|x86.ActiveCfg = Release|Any CPU
		{CD3ECE47-B1C8-41CB-A603-1979F3F1B21B}.Release|x86.Build.0 = Release|Any CPU
		{8F7C4F85-F449-4E10-96DE-29990B1EE994}.Debug|Any CPU.ActiveCfg = Debug|Any CPU
		{8F7C4F85-F449-4E10-96DE-29990B1EE994}.Debug|Any CPU.Build.0 = Debug|Any CPU
		{8F7C4F85-F449-4E10-96DE-29990B1EE994}.Debug|x64.ActiveCfg = Debug|Any CPU
		{8F7C4F85-F449-4E10-96DE-29990B1EE994}.Debug|x64.Build.0 = Debug|Any CPU
		{8F7C4F85-F449-4E10-96DE-29990B1EE994}.Debug|x86.ActiveCfg = Debug|Any CPU
		{8F7C4F85-F449-4E10-96DE-29990B1EE994}.Debug|x86.Build.0 = Debug|Any CPU
		{8F7C4F85-F449-4E10-96DE-29990B1EE994}.Release|Any CPU.ActiveCfg = Release|Any CPU
		{8F7C4F85-F449-4E10-96DE-29990B1EE994}.Release|Any CPU.Build.0 = Release|Any CPU
		{8F7C4F85-F449-4E10-96DE-29990B1EE994}.Release|x64.ActiveCfg = Release|Any CPU
		{8F7C4F85-F449-4E10-96DE-29990B1EE994}.Release|x64.Build.0 = Release|Any CPU
		{8F7C4F85-F449-4E10-96DE-29990B1EE994}.Release|x86.ActiveCfg = Release|Any CPU
		{8F7C4F85-F449-4E10-96DE-29990B1EE994}.Release|x86.Build.0 = Release|Any CPU
	EndGlobalSection
	GlobalSection(SolutionProperties) = preSolution
		HideSolutionNode = FALSE
	EndGlobalSection
	GlobalSection(NestedProjects) = preSolution
		{4548EB20-1D1B-477B-AF6E-DD55653A6583} = {91D55407-F3C5-4F9A-BFB3-040F4D7CAB80}
		{220361D6-9C76-4E3F-BD34-3C7B50E2CA4D} = {91D55407-F3C5-4F9A-BFB3-040F4D7CAB80}
		{7D84EFEE-A7D9-44AD-A0A3-38EC7882D94C} = {B31B4797-1D9F-4288-808C-BE9A31A98C7D}
		{0776DC14-9000-47A4-A3F4-ECBCF8CEBC17} = {B31B4797-1D9F-4288-808C-BE9A31A98C7D}
		{744AD1DC-E83E-4ACE-BE57-395395D6E357} = {91D55407-F3C5-4F9A-BFB3-040F4D7CAB80}
		{1DC7F5A0-DDF7-4975-84EB-05F4FC1B6AB5} = {B31B4797-1D9F-4288-808C-BE9A31A98C7D}
		{59DB0AEF-8A14-4288-921B-162A886D9471} = {106AE906-5075-410A-B941-912F811848EE}
		{91D55407-F3C5-4F9A-BFB3-040F4D7CAB80} = {106AE906-5075-410A-B941-912F811848EE}
		{B08079E7-23D1-4463-8476-222B4673712F} = {106AE906-5075-410A-B941-912F811848EE}
		{33E996A5-C05E-4EB7-A8ED-B02EB2E2D2CE} = {B08079E7-23D1-4463-8476-222B4673712F}
		{AAAC3C04-3C9A-47BA-93DD-164BDF1E0822} = {B08079E7-23D1-4463-8476-222B4673712F}
		{8E4F2652-D208-404B-B1A3-D2320B4EA203} = {B08079E7-23D1-4463-8476-222B4673712F}
		{0773F588-9267-4EC8-AF84-F2F0FAC7882A} = {B08079E7-23D1-4463-8476-222B4673712F}
		{F2D75E04-2869-4C1D-AAC7-F17988BA83A7} = {106AE906-5075-410A-B941-912F811848EE}
		{CB0A3CCC-8447-42FE-88B6-E0D0C9B573BD} = {F2D75E04-2869-4C1D-AAC7-F17988BA83A7}
		{CD3ECE47-B1C8-41CB-A603-1979F3F1B21B} = {B08079E7-23D1-4463-8476-222B4673712F}
		{8F7C4F85-F449-4E10-96DE-29990B1EE994} = {59DB0AEF-8A14-4288-921B-162A886D9471}
	EndGlobalSection
	GlobalSection(ExtensibilityGlobals) = postSolution
		SolutionGuid = {B0F19343-8185-4A9F-9165-0EA8544BC925}
	EndGlobalSection
EndGlobal
